// !$*UTF8*$!
{
	archiveVersion = 1;
	classes = {
	};
	objectVersion = 46;
	objects = {

/* Begin PBXBuildFile section */
		09F56B6419E520AC00EA7E6B /* Foundation.framework in Frameworks */ = {isa = PBXBuildFile; fileRef = 09F56B6319E520AC00EA7E6B /* Foundation.framework */; };
		09F56B6619E520AC00EA7E6B /* CoreGraphics.framework in Frameworks */ = {isa = PBXBuildFile; fileRef = 09F56B6519E520AC00EA7E6B /* CoreGraphics.framework */; };
		09F56B6819E520AC00EA7E6B /* UIKit.framework in Frameworks */ = {isa = PBXBuildFile; fileRef = 09F56B6719E520AC00EA7E6B /* UIKit.framework */; };
		09F56B6E19E520AC00EA7E6B /* InfoPlist.strings in Resources */ = {isa = PBXBuildFile; fileRef = 09F56B6C19E520AC00EA7E6B /* InfoPlist.strings */; };
		09F56B7019E520AC00EA7E6B /* main.m in Sources */ = {isa = PBXBuildFile; fileRef = 09F56B6F19E520AC00EA7E6B /* main.m */; };
		09F56B7419E520AC00EA7E6B /* AppDelegate.m in Sources */ = {isa = PBXBuildFile; fileRef = 09F56B7319E520AC00EA7E6B /* AppDelegate.m */; };
		09F56B7719E520AC00EA7E6B /* Main.storyboard in Resources */ = {isa = PBXBuildFile; fileRef = 09F56B7519E520AC00EA7E6B /* Main.storyboard */; };
		09F56B7A19E520AC00EA7E6B /* ViewController.m in Sources */ = {isa = PBXBuildFile; fileRef = 09F56B7919E520AC00EA7E6B /* ViewController.m */; };
		09F56B7C19E520AC00EA7E6B /* Images.xcassets in Resources */ = {isa = PBXBuildFile; fileRef = 09F56B7B19E520AC00EA7E6B /* Images.xcassets */; };
		09F56B8319E520AC00EA7E6B /* XCTest.framework in Frameworks */ = {isa = PBXBuildFile; fileRef = 09F56B8219E520AC00EA7E6B /* XCTest.framework */; };
		09F56B8419E520AC00EA7E6B /* Foundation.framework in Frameworks */ = {isa = PBXBuildFile; fileRef = 09F56B6319E520AC00EA7E6B /* Foundation.framework */; };
		09F56B8519E520AC00EA7E6B /* UIKit.framework in Frameworks */ = {isa = PBXBuildFile; fileRef = 09F56B6719E520AC00EA7E6B /* UIKit.framework */; };
		09F56B8D19E520AC00EA7E6B /* InfoPlist.strings in Resources */ = {isa = PBXBuildFile; fileRef = 09F56B8B19E520AC00EA7E6B /* InfoPlist.strings */; };
		09F56B8F19E520AC00EA7E6B /* ButtonEventTests.m in Sources */ = {isa = PBXBuildFile; fileRef = 09F56B8E19E520AC00EA7E6B /* ButtonEventTests.m */; };
/* End PBXBuildFile section */

/* Begin PBXContainerItemProxy section */
		09F56B8619E520AC00EA7E6B /* PBXContainerItemProxy */ = {
			isa = PBXContainerItemProxy;
			containerPortal = 09F56B5819E520AC00EA7E6B /* Project object */;
			proxyType = 1;
			remoteGlobalIDString = 09F56B5F19E520AC00EA7E6B;
			remoteInfo = ButtonEvent;
		};
/* End PBXContainerItemProxy section */

/* Begin PBXFileReference section */
		09F56B6019E520AC00EA7E6B /* ButtonEvent.app */ = {isa = PBXFileReference; explicitFileType = wrapper.application; includeInIndex = 0; path = ButtonEvent.app; sourceTree = BUILT_PRODUCTS_DIR; };
		09F56B6319E520AC00EA7E6B /* Foundation.framework */ = {isa = PBXFileReference; lastKnownFileType = wrapper.framework; name = Foundation.framework; path = System/Library/Frameworks/Foundation.framework; sourceTree = SDKROOT; };
		09F56B6519E520AC00EA7E6B /* CoreGraphics.framework */ = {isa = PBXFileReference; lastKnownFileType = wrapper.framework; name = CoreGraphics.framework; path = System/Library/Frameworks/CoreGraphics.framework; sourceTree = SDKROOT; };
		09F56B6719E520AC00EA7E6B /* UIKit.framework */ = {isa = PBXFileReference; lastKnownFileType = wrapper.framework; name = UIKit.framework; path = System/Library/Frameworks/UIKit.framework; sourceTree = SDKROOT; };
		09F56B6B19E520AC00EA7E6B /* ButtonEvent-Info.plist */ = {isa = PBXFileReference; lastKnownFileType = text.plist.xml; path = "ButtonEvent-Info.plist"; sourceTree = "<group>"; };
		09F56B6D19E520AC00EA7E6B /* en */ = {isa = PBXFileReference; lastKnownFileType = text.plist.strings; name = en; path = en.lproj/InfoPlist.strings; sourceTree = "<group>"; };
		09F56B6F19E520AC00EA7E6B /* main.m */ = {isa = PBXFileReference; lastKnownFileType = sourcecode.c.objc; path = main.m; sourceTree = "<group>"; };
		09F56B7119E520AC00EA7E6B /* ButtonEvent-Prefix.pch */ = {isa = PBXFileReference; lastKnownFileType = sourcecode.c.h; path = "ButtonEvent-Prefix.pch"; sourceTree = "<group>"; };
		09F56B7219E520AC00EA7E6B /* AppDelegate.h */ = {isa = PBXFileReference; lastKnownFileType = sourcecode.c.h; path = AppDelegate.h; sourceTree = "<group>"; };
		09F56B7319E520AC00EA7E6B /* AppDelegate.m */ = {isa = PBXFileReference; lastKnownFileType = sourcecode.c.objc; path = AppDelegate.m; sourceTree = "<group>"; };
		09F56B7619E520AC00EA7E6B /* Base */ = {isa = PBXFileReference; lastKnownFileType = file.storyboard; name = Base; path = Base.lproj/Main.storyboard; sourceTree = "<group>"; };
		09F56B7819E520AC00EA7E6B /* ViewController.h */ = {isa = PBXFileReference; lastKnownFileType = sourcecode.c.h; path = ViewController.h; sourceTree = "<group>"; };
		09F56B7919E520AC00EA7E6B /* ViewController.m */ = {isa = PBXFileReference; lastKnownFileType = sourcecode.c.objc; path = ViewController.m; sourceTree = "<group>"; };
		09F56B7B19E520AC00EA7E6B /* Images.xcassets */ = {isa = PBXFileReference; lastKnownFileType = folder.assetcatalog; path = Images.xcassets; sourceTree = "<group>"; };
		09F56B8119E520AC00EA7E6B /* ButtonEventTests.xctest */ = {isa = PBXFileReference; explicitFileType = wrapper.cfbundle; includeInIndex = 0; path = ButtonEventTests.xctest; sourceTree = BUILT_PRODUCTS_DIR; };
		09F56B8219E520AC00EA7E6B /* XCTest.framework */ = {isa = PBXFileReference; lastKnownFileType = wrapper.framework; name = XCTest.framework; path = Library/Frameworks/XCTest.framework; sourceTree = DEVELOPER_DIR; };
		09F56B8A19E520AC00EA7E6B /* ButtonEventTests-Info.plist */ = {isa = PBXFileReference; lastKnownFileType = text.plist.xml; path = "ButtonEventTests-Info.plist"; sourceTree = "<group>"; };
		09F56B8C19E520AC00EA7E6B /* en */ = {isa = PBXFileReference; lastKnownFileType = text.plist.strings; name = en; path = en.lproj/InfoPlist.strings; sourceTree = "<group>"; };
		09F56B8E19E520AC00EA7E6B /* ButtonEventTests.m */ = {isa = PBXFileReference; lastKnownFileType = sourcecode.c.objc; path = ButtonEventTests.m; sourceTree = "<group>"; };
/* End PBXFileReference section */

/* Begin PBXFrameworksBuildPhase section */
		09F56B5D19E520AC00EA7E6B /* Frameworks */ = {
			isa = PBXFrameworksBuildPhase;
			buildActionMask = 2147483647;
			files = (
				09F56B6619E520AC00EA7E6B /* CoreGraphics.framework in Frameworks */,
				09F56B6819E520AC00EA7E6B /* UIKit.framework in Frameworks */,
				09F56B6419E520AC00EA7E6B /* Foundation.framework in Frameworks */,
			);
			runOnlyForDeploymentPostprocessing = 0;
		};
		09F56B7E19E520AC00EA7E6B /* Frameworks */ = {
			isa = PBXFrameworksBuildPhase;
			buildActionMask = 2147483647;
			files = (
				09F56B8319E520AC00EA7E6B /* XCTest.framework in Frameworks */,
				09F56B8519E520AC00EA7E6B /* UIKit.framework in Frameworks */,
				09F56B8419E520AC00EA7E6B /* Foundation.framework in Frameworks */,
			);
			runOnlyForDeploymentPostprocessing = 0;
		};
/* End PBXFrameworksBuildPhase section */

/* Begin PBXGroup section */
		09F56B5719E520AC00EA7E6B = {
			isa = PBXGroup;
			children = (
				09F56B6919E520AC00EA7E6B /* ButtonEvent */,
				09F56B8819E520AC00EA7E6B /* ButtonEventTests */,
				09F56B6219E520AC00EA7E6B /* Frameworks */,
				09F56B6119E520AC00EA7E6B /* Products */,
			);
			sourceTree = "<group>";
		};
		09F56B6119E520AC00EA7E6B /* Products */ = {
			isa = PBXGroup;
			children = (
				09F56B6019E520AC00EA7E6B /* ButtonEvent.app */,
				09F56B8119E520AC00EA7E6B /* ButtonEventTests.xctest */,
			);
			name = Products;
			sourceTree = "<group>";
		};
		09F56B6219E520AC00EA7E6B /* Frameworks */ = {
			isa = PBXGroup;
			children = (
				09F56B6319E520AC00EA7E6B /* Foundation.framework */,
				09F56B6519E520AC00EA7E6B /* CoreGraphics.framework */,
				09F56B6719E520AC00EA7E6B /* UIKit.framework */,
				09F56B8219E520AC00EA7E6B /* XCTest.framework */,
			);
			name = Frameworks;
			sourceTree = "<group>";
		};
		09F56B6919E520AC00EA7E6B /* ButtonEvent */ = {
			isa = PBXGroup;
			children = (
				09F56B7219E520AC00EA7E6B /* AppDelegate.h */,
				09F56B7319E520AC00EA7E6B /* AppDelegate.m */,
				09F56B7519E520AC00EA7E6B /* Main.storyboard */,
				09F56B7819E520AC00EA7E6B /* ViewController.h */,
				09F56B7919E520AC00EA7E6B /* ViewController.m */,
				09F56B7B19E520AC00EA7E6B /* Images.xcassets */,
				09F56B6A19E520AC00EA7E6B /* Supporting Files */,
			);
			path = ButtonEvent;
			sourceTree = "<group>";
		};
		09F56B6A19E520AC00EA7E6B /* Supporting Files */ = {
			isa = PBXGroup;
			children = (
				09F56B6B19E520AC00EA7E6B /* ButtonEvent-Info.plist */,
				09F56B6C19E520AC00EA7E6B /* InfoPlist.strings */,
				09F56B6F19E520AC00EA7E6B /* main.m */,
				09F56B7119E520AC00EA7E6B /* ButtonEvent-Prefix.pch */,
			);
			name = "Supporting Files";
			sourceTree = "<group>";
		};
		09F56B8819E520AC00EA7E6B /* ButtonEventTests */ = {
			isa = PBXGroup;
			children = (
				09F56B8E19E520AC00EA7E6B /* ButtonEventTests.m */,
				09F56B8919E520AC00EA7E6B /* Supporting Files */,
			);
			path = ButtonEventTests;
			sourceTree = "<group>";
		};
		09F56B8919E520AC00EA7E6B /* Supporting Files */ = {
			isa = PBXGroup;
			children = (
				09F56B8A19E520AC00EA7E6B /* ButtonEventTests-Info.plist */,
				09F56B8B19E520AC00EA7E6B /* InfoPlist.strings */,
			);
			name = "Supporting Files";
			sourceTree = "<group>";
		};
/* End PBXGroup section */

/* Begin PBXNativeTarget section */
		09F56B5F19E520AC00EA7E6B /* ButtonEvent */ = {
			isa = PBXNativeTarget;
			buildConfigurationList = 09F56B9219E520AC00EA7E6B /* Build configuration list for PBXNativeTarget "ButtonEvent" */;
			buildPhases = (
				09F56B5C19E520AC00EA7E6B /* Sources */,
				09F56B5D19E520AC00EA7E6B /* Frameworks */,
				09F56B5E19E520AC00EA7E6B /* Resources */,
			);
			buildRules = (
			);
			dependencies = (
			);
			name = ButtonEvent;
			productName = ButtonEvent;
			productReference = 09F56B6019E520AC00EA7E6B /* ButtonEvent.app */;
			productType = "com.apple.product-type.application";
		};
		09F56B8019E520AC00EA7E6B /* ButtonEventTests */ = {
			isa = PBXNativeTarget;
			buildConfigurationList = 09F56B9519E520AC00EA7E6B /* Build configuration list for PBXNativeTarget "ButtonEventTests" */;
			buildPhases = (
				09F56B7D19E520AC00EA7E6B /* Sources */,
				09F56B7E19E520AC00EA7E6B /* Frameworks */,
				09F56B7F19E520AC00EA7E6B /* Resources */,
			);
			buildRules = (
			);
			dependencies = (
				09F56B8719E520AC00EA7E6B /* PBXTargetDependency */,
			);
			name = ButtonEventTests;
			productName = ButtonEventTests;
			productReference = 09F56B8119E520AC00EA7E6B /* ButtonEventTests.xctest */;
			productType = "com.apple.product-type.bundle.unit-test";
		};
/* End PBXNativeTarget section */

/* Begin PBXProject section */
		09F56B5819E520AC00EA7E6B /* Project object */ = {
			isa = PBXProject;
			attributes = {
				LastUpgradeCheck = 0510;
				ORGANIZATIONNAME = dascom;
				TargetAttributes = {
					09F56B8019E520AC00EA7E6B = {
						TestTargetID = 09F56B5F19E520AC00EA7E6B;
					};
				};
			};
			buildConfigurationList = 09F56B5B19E520AC00EA7E6B /* Build configuration list for PBXProject "ButtonEvent" */;
			compatibilityVersion = "Xcode 3.2";
			developmentRegion = English;
			hasScannedForEncodings = 0;
			knownRegions = (
				en,
				Base,
			);
			mainGroup = 09F56B5719E520AC00EA7E6B;
			productRefGroup = 09F56B6119E520AC00EA7E6B /* Products */;
			projectDirPath = "";
			projectRoot = "";
			targets = (
				09F56B5F19E520AC00EA7E6B /* ButtonEvent */,
				09F56B8019E520AC00EA7E6B /* ButtonEventTests */,
			);
		};
/* End PBXProject section */

/* Begin PBXResourcesBuildPhase section */
		09F56B5E19E520AC00EA7E6B /* Resources */ = {
			isa = PBXResourcesBuildPhase;
			buildActionMask = 2147483647;
			files = (
				09F56B7C19E520AC00EA7E6B /* Images.xcassets in Resources */,
				09F56B6E19E520AC00EA7E6B /* InfoPlist.strings in Resources */,
				09F56B7719E520AC00EA7E6B /* Main.storyboard in Resources */,
			);
			runOnlyForDeploymentPostprocessing = 0;
		};
		09F56B7F19E520AC00EA7E6B /* Resources */ = {
			isa = PBXResourcesBuildPhase;
			buildActionMask = 2147483647;
			files = (
				09F56B8D19E520AC00EA7E6B /* InfoPlist.strings in Resources */,
			);
			runOnlyForDeploymentPostprocessing = 0;
		};
/* End PBXResourcesBuildPhase section */

/* Begin PBXSourcesBuildPhase section */
		09F56B5C19E520AC00EA7E6B /* Sources */ = {
			isa = PBXSourcesBuildPhase;
			buildActionMask = 2147483647;
			files = (
				09F56B7A19E520AC00EA7E6B /* ViewController.m in Sources */,
				09F56B7419E520AC00EA7E6B /* AppDelegate.m in Sources */,
				09F56B7019E520AC00EA7E6B /* main.m in Sources */,
			);
			runOnlyForDeploymentPostprocessing = 0;
		};
		09F56B7D19E520AC00EA7E6B /* Sources */ = {
			isa = PBXSourcesBuildPhase;
			buildActionMask = 2147483647;
			files = (
				09F56B8F19E520AC00EA7E6B /* ButtonEventTests.m in Sources */,
			);
			runOnlyForDeploymentPostprocessing = 0;
		};
/* End PBXSourcesBuildPhase section */

/* Begin PBXTargetDependency section */
		09F56B8719E520AC00EA7E6B /* PBXTargetDependency */ = {
			isa = PBXTargetDependency;
			target = 09F56B5F19E520AC00EA7E6B /* ButtonEvent */;
			targetProxy = 09F56B8619E520AC00EA7E6B /* PBXContainerItemProxy */;
		};
/* End PBXTargetDependency section */

/* Begin PBXVariantGroup section */
		09F56B6C19E520AC00EA7E6B /* InfoPlist.strings */ = {
			isa = PBXVariantGroup;
			children = (
				09F56B6D19E520AC00EA7E6B /* en */,
			);
			name = InfoPlist.strings;
			sourceTree = "<group>";
		};
		09F56B7519E520AC00EA7E6B /* Main.storyboard */ = {
			isa = PBXVariantGroup;
			children = (
				09F56B7619E520AC00EA7E6B /* Base */,
			);
			name = Main.storyboard;
			sourceTree = "<group>";
		};
		09F56B8B19E520AC00EA7E6B /* InfoPlist.strings */ = {
			isa = PBXVariantGroup;
			children = (
				09F56B8C19E520AC00EA7E6B /* en */,
			);
			name = InfoPlist.strings;
			sourceTree = "<group>";
		};
/* End PBXVariantGroup section */

/* Begin XCBuildConfiguration section */
		09F56B9019E520AC00EA7E6B /* Debug */ = {
			isa = XCBuildConfiguration;
			buildSettings = {
				ALWAYS_SEARCH_USER_PATHS = NO;
				CLANG_CXX_LANGUAGE_STANDARD = "gnu++0x";
				CLANG_CXX_LIBRARY = "libc++";
				CLANG_ENABLE_MODULES = YES;
				CLANG_ENABLE_OBJC_ARC = YES;
				CLANG_WARN_BOOL_CONVERSION = YES;
				CLANG_WARN_CONSTANT_CONVERSION = YES;
				CLANG_WARN_DIRECT_OBJC_ISA_USAGE = YES_ERROR;
				CLANG_WARN_EMPTY_BODY = YES;
				CLANG_WARN_ENUM_CONVERSION = YES;
				CLANG_WARN_INT_CONVERSION = YES;
				CLANG_WARN_OBJC_ROOT_CLASS = YES_ERROR;
				CLANG_WARN__DUPLICATE_METHOD_MATCH = YES;
				"CODE_SIGN_IDENTITY[sdk=iphoneos*]" = "iPhone Developer";
				COPY_PHASE_STRIP = NO;
				GCC_C_LANGUAGE_STANDARD = gnu99;
				GCC_DYNAMIC_NO_PIC = NO;
				GCC_OPTIMIZATION_LEVEL = 0;
				GCC_PREPROCESSOR_DEFINITIONS = (
					"DEBUG=1",
					"$(inherited)",
				);
				GCC_SYMBOLS_PRIVATE_EXTERN = NO;
				GCC_WARN_64_TO_32_BIT_CONVERSION = YES;
				GCC_WARN_ABOUT_RETURN_TYPE = YES_ERROR;
				GCC_WARN_UNDECLARED_SELECTOR = YES;
				GCC_WARN_UNINITIALIZED_AUTOS = YES_AGGRESSIVE;
				GCC_WARN_UNUSED_FUNCTION = YES;
				GCC_WARN_UNUSED_VARIABLE = YES;
				IPHONEOS_DEPLOYMENT_TARGET = 7.1;
				ONLY_ACTIVE_ARCH = YES;
				SDKROOT = iphoneos;
			};
			name = Debug;
		};
		09F56B9119E520AC00EA7E6B /* Release */ = {
			isa = XCBuildConfiguration;
			buildSettings = {
				ALWAYS_SEARCH_USER_PATHS = NO;
				CLANG_CXX_LANGUAGE_STANDARD = "gnu++0x";
				CLANG_CXX_LIBRARY = "libc++";
				CLANG_ENABLE_MODULES = YES;
				CLANG_ENABLE_OBJC_ARC = YES;
				CLANG_WARN_BOOL_CONVERSION = YES;
				CLANG_WARN_CONSTANT_CONVERSION = YES;
				CLANG_WARN_DIRECT_OBJC_ISA_USAGE = YES_ERROR;
				CLANG_WARN_EMPTY_BODY = YES;
				CLANG_WARN_ENUM_CONVERSION = YES;
				CLANG_WARN_INT_CONVERSION = YES;
				CLANG_WARN_OBJC_ROOT_CLASS = YES_ERROR;
				CLANG_WARN__DUPLICATE_METHOD_MATCH = YES;
				"CODE_SIGN_IDENTITY[sdk=iphoneos*]" = "iPhone Developer";
				COPY_PHASE_STRIP = YES;
				ENABLE_NS_ASSERTIONS = NO;
				GCC_C_LANGUAGE_STANDARD = gnu99;
				GCC_WARN_64_TO_32_BIT_CONVERSION = YES;
				GCC_WARN_ABOUT_RETURN_TYPE = YES_ERROR;
				GCC_WARN_UNDECLARED_SELECTOR = YES;
				GCC_WARN_UNINITIALIZED_AUTOS = YES_AGGRESSIVE;
				GCC_WARN_UNUSED_FUNCTION = YES;
				GCC_WARN_UNUSED_VARIABLE = YES;
				IPHONEOS_DEPLOYMENT_TARGET = 7.1;
				SDKROOT = iphoneos;
				VALIDATE_PRODUCT = YES;
			};
			name = Release;
		};
		09F56B9319E520AC00EA7E6B /* Debug */ = {
			isa = XCBuildConfiguration;
			buildSettings = {
				ASSETCATALOG_COMPILER_APPICON_NAME = AppIcon;
				ASSETCATALOG_COMPILER_LAUNCHIMAGE_NAME = LaunchImage;
				GCC_PRECOMPILE_PREFIX_HEADER = YES;
				GCC_PREFIX_HEADER = "ButtonEvent/ButtonEvent-Prefix.pch";
				INFOPLIST_FILE = "ButtonEvent/ButtonEvent-Info.plist";
				PRODUCT_NAME = "$(TARGET_NAME)";
				WRAPPER_EXTENSION = app;
			};
			name = Debug;
		};
		09F56B9419E520AC00EA7E6B /* Release */ = {
			isa = XCBuildConfiguration;
			buildSettings = {
				ASSETCATALOG_COMPILER_APPICON_NAME = AppIcon;
				ASSETCATALOG_COMPILER_LAUNCHIMAGE_NAME = LaunchImage;
				GCC_PRECOMPILE_PREFIX_HEADER = YES;
				GCC_PREFIX_HEADER = "ButtonEvent/ButtonEvent-Prefix.pch";
				INFOPLIST_FILE = "ButtonEvent/ButtonEvent-Info.plist";
				PRODUCT_NAME = "$(TARGET_NAME)";
				WRAPPER_EXTENSION = app;
			};
			name = Release;
		};
		09F56B9619E520AC00EA7E6B /* Debug */ = {
			isa = XCBuildConfiguration;
			buildSettings = {
				BUNDLE_LOADER = "$(BUILT_PRODUCTS_DIR)/ButtonEvent.app/ButtonEvent";
				FRAMEWORK_SEARCH_PATHS = (
					"$(SDKROOT)/Developer/Library/Frameworks",
					"$(inherited)",
					"$(DEVELOPER_FRAMEWORKS_DIR)",
				);
				GCC_PRECOMPILE_PREFIX_HEADER = YES;
				GCC_PREFIX_HEADER = "ButtonEvent/ButtonEvent-Prefix.pch";
				GCC_PREPROCESSOR_DEFINITIONS = (
					"DEBUG=1",
					"$(inherited)",
				);
				INFOPLIST_FILE = "ButtonEventTests/ButtonEventTests-Info.plist";
				PRODUCT_NAME = "$(TARGET_NAME)";
				TEST_HOST = "$(BUNDLE_LOADER)";
				WRAPPER_EXTENSION = xctest;
			};
			name = Debug;
		};
		09F56B9719E520AC00EA7E6B /* Release */ = {
			isa = XCBuildConfiguration;
			buildSettings = {
				BUNDLE_LOADER = "$(BUILT_PRODUCTS_DIR)/ButtonEvent.app/ButtonEvent";
				FRAMEWORK_SEARCH_PATHS = (
					"$(SDKROOT)/Developer/Library/Frameworks",
					"$(inherited)",
					"$(DEVELOPER_FRAMEWORKS_DIR)",
				);
				GCC_PRECOMPILE_PREFIX_HEADER = YES;
				GCC_PREFIX_HEADER = "ButtonEvent/ButtonEvent-Prefix.pch";
				INFOPLIST_FILE = "ButtonEventTests/ButtonEventTests-Info.plist";
				PRODUCT_NAME = "$(TARGET_NAME)";
				TEST_HOST = "$(BUNDLE_LOADER)";
				WRAPPER_EXTENSION = xctest;
			};
			name = Release;
		};
/* End XCBuildConfiguration section */

/* Begin XCConfigurationList section */
		09F56B5B19E520AC00EA7E6B /* Build configuration list for PBXProject "ButtonEvent" */ = {
			isa = XCConfigurationList;
			buildConfigurations = (
				09F56B9019E520AC00EA7E6B /* Debug */,
				09F56B9119E520AC00EA7E6B /* Release */,
			);
			defaultConfigurationIsVisible = 0;
			defaultConfigurationName = Release;
		};
		09F56B9219E520AC00EA7E6B /* Build configuration list for PBXNativeTarget "ButtonEvent" */ = {
			isa = XCConfigurationList;
			buildConfigurations = (
				09F56B9319E520AC00EA7E6B /* Debug */,
				09F56B9419E520AC00EA7E6B /* Release */,
			);
			defaultConfigurationIsVisible = 0;
		};
		09F56B9519E520AC00EA7E6B /* Build configuration list for PBXNativeTarget "ButtonEventTests" */ = {
			isa = XCConfigurationList;
			buildConfigurations = (
				09F56B9619E520AC00EA7E6B /* Debug */,
				09F56B9719E520AC00EA7E6B /* Release */,
			);
			defaultConfigurationIsVisible = 0;
		};
/* End XCConfigurationList section */
	};
	rootObject = 09F56B5819E520AC00EA7E6B /* Project object */;
}
